
Microsoft Visual Studio Solution File, Format Version 12.00
# Visual Studio Version 16
VisualStudioVersion = 16.0.29709.97
MinimumVisualStudioVersion = 10.0.40219.1
Project("{2150E333-8FDC-42A3-9474-1A3956D46DE8}") = "src", "src", "{D18468D8-59A9-4387-8FB7-321D96EB90E5}"
EndProject
Project("{2150E333-8FDC-42A3-9474-1A3956D46DE8}") = "test", "test", "{616E7E00-9812-4850-9E63-23ED6946DD9F}"
EndProject
Project("{2150E333-8FDC-42A3-9474-1A3956D46DE8}") = "1 - Domain", "1 - Domain", "{1BE2090A-EEE5-4F2F-8B78-1B387D07C28B}"
EndProject
Project("{2150E333-8FDC-42A3-9474-1A3956D46DE8}") = "1 - Domain", "1 - Domain", "{12A6ED28-8F1A-42D2-8368-51650668840B}"
EndProject
Project("{2150E333-8FDC-42A3-9474-1A3956D46DE8}") = "2 - Use cases", "2 - Use cases", "{873CFA30-E6A2-4E82-94BA-CA29395630BE}"
EndProject
Project("{2150E333-8FDC-42A3-9474-1A3956D46DE8}") = "2 - Use cases", "2 - Use cases", "{3C4BC669-4F70-4BC8-B8BA-552F5D45FE99}"
EndProject
Project("{2150E333-8FDC-42A3-9474-1A3956D46DE8}") = "3 - Infrastructure", "3 - Infrastructure", "{7CB515EF-F187-430F-BA15-15F4A9DB4869}"
EndProject
Project("{2150E333-8FDC-42A3-9474-1A3956D46DE8}") = "3 - Infrastructure", "3 - Infrastructure", "{239BB8FC-207F-41AA-882C-0E2DDF95A9AE}"
EndProject
Project("{2150E333-8FDC-42A3-9474-1A3956D46DE8}") = "4 - Presentation", "4 - Presentation", "{12B227E6-43CF-4B84-AC7E-8D8D988B515D}"
EndProject
Project("{2150E333-8FDC-42A3-9474-1A3956D46DE8}") = "4 - Presentation", "4 - Presentation", "{BE127E92-470A-4C63-8364-F80E04367F48}"
EndProject
Project("{FAE04EC0-301F-11D3-BF4B-00C04F79EFBC}") = "ContaCorrente.Api", "src\ContaCorrente.Api\ContaCorrente.Api.csproj", "{D1C49600-585A-4201-9852-A11D3EE0C2D4}"
EndProject
Project("{FAE04EC0-301F-11D3-BF4B-00C04F79EFBC}") = "ContaCorrente.Domain", "src\ContaCorrente.Domain\ContaCorrente.Domain.csproj", "{9A2092B7-5FC2-4546-BE7C-0A1D6CE88FB4}"
EndProject
Project("{FAE04EC0-301F-11D3-BF4B-00C04F79EFBC}") = "ContaCorrente.UseCases", "src\ContaCorrente.UseCases\ContaCorrente.UseCases.csproj", "{AC0DC5AE-ECBA-42B2-97EE-1F63E0F1CEF7}"
EndProject
Project("{FAE04EC0-301F-11D3-BF4B-00C04F79EFBC}") = "ContaCorrente.UseCases.Contracts", "src\ContaCorrente.UseCases.Contracts\ContaCorrente.UseCases.Contracts.csproj", "{EBFE9C59-EC55-4B88-B0D6-C84870D35AB2}"
EndProject
Project("{FAE04EC0-301F-11D3-BF4B-00C04F79EFBC}") = "ContaCorrente.Infrastructure", "src\ContaCorrente.Infrastructure\ContaCorrente.Infrastructure.csproj", "{192A243C-A718-47B6-B44A-6E9DAECD3AC3}"
EndProject
Project("{FAE04EC0-301F-11D3-BF4B-00C04F79EFBC}") = "ContaCorrente.CrossCutting", "src\ContaCorrente.CrossCutting\ContaCorrente.CrossCutting.csproj", "{3443F26E-1D17-4949-942D-6387CF15A5B7}"
EndProject
Project("{FAE04EC0-301F-11D3-BF4B-00C04F79EFBC}") = "ContaCorrente.Domain.Tests", "tests\ContaCorrente.Domain.Tests\ContaCorrente.Domain.Tests.csproj", "{BF52D2A2-C55F-4DDC-8EFC-E6849AAE703F}"
EndProject
Project("{FAE04EC0-301F-11D3-BF4B-00C04F79EFBC}") = "ContaCorrente.UseCases.Tests", "tests\ContaCorrente.UseCases.Tests\ContaCorrente.UseCases.Tests.csproj", "{9295730F-82B8-4126-9E48-14363C89DA51}"
EndProject
Project("{FAE04EC0-301F-11D3-BF4B-00C04F79EFBC}") = "ContaCorrente.Infrastructure.Tests", "tests\ContaCorrente.Infrastructure.Tests\ContaCorrente.Infrastructure.Tests.csproj", "{5344399D-B57A-4A0C-B369-D8EA283928C6}"
EndProject
Project("{FAE04EC0-301F-11D3-BF4B-00C04F79EFBC}") = "ContaCorrente.Api.Tests", "tests\ContaCorrente.Api.Tests\ContaCorrente.Api.Tests.csproj", "{06DE5238-04FF-48F5-A553-876C01AB7D3A}"
EndProject
Global
	GlobalSection(SolutionConfigurationPlatforms) = preSolution
		Debug|Any CPU = Debug|Any CPU
		Release|Any CPU = Release|Any CPU
	EndGlobalSection
	GlobalSection(ProjectConfigurationPlatforms) = postSolution
		{D1C49600-585A-4201-9852-A11D3EE0C2D4}.Debug|Any CPU.ActiveCfg = Debug|Any CPU
		{D1C49600-585A-4201-9852-A11D3EE0C2D4}.Debug|Any CPU.Build.0 = Debug|Any CPU
		{D1C49600-585A-4201-9852-A11D3EE0C2D4}.Release|Any CPU.ActiveCfg = Release|Any CPU
		{D1C49600-585A-4201-9852-A11D3EE0C2D4}.Release|Any CPU.Build.0 = Release|Any CPU
		{9A2092B7-5FC2-4546-BE7C-0A1D6CE88FB4}.Debug|Any CPU.ActiveCfg = Debug|Any CPU
		{9A2092B7-5FC2-4546-BE7C-0A1D6CE88FB4}.Debug|Any CPU.Build.0 = Debug|Any CPU
		{9A2092B7-5FC2-4546-BE7C-0A1D6CE88FB4}.Release|Any CPU.ActiveCfg = Release|Any CPU
		{9A2092B7-5FC2-4546-BE7C-0A1D6CE88FB4}.Release|Any CPU.Build.0 = Release|Any CPU
		{AC0DC5AE-ECBA-42B2-97EE-1F63E0F1CEF7}.Debug|Any CPU.ActiveCfg = Debug|Any CPU
		{AC0DC5AE-ECBA-42B2-97EE-1F63E0F1CEF7}.Debug|Any CPU.Build.0 = Debug|Any CPU
		{AC0DC5AE-ECBA-42B2-97EE-1F63E0F1CEF7}.Release|Any CPU.ActiveCfg = Release|Any CPU
		{AC0DC5AE-ECBA-42B2-97EE-1F63E0F1CEF7}.Release|Any CPU.Build.0 = Release|Any CPU
		{EBFE9C59-EC55-4B88-B0D6-C84870D35AB2}.Debug|Any CPU.ActiveCfg = Debug|Any CPU
		{EBFE9C59-EC55-4B88-B0D6-C84870D35AB2}.Debug|Any CPU.Build.0 = Debug|Any CPU
		{EBFE9C59-EC55-4B88-B0D6-C84870D35AB2}.Release|Any CPU.ActiveCfg = Release|Any CPU
		{EBFE9C59-EC55-4B88-B0D6-C84870D35AB2}.Release|Any CPU.Build.0 = Release|Any CPU
		{192A243C-A718-47B6-B44A-6E9DAECD3AC3}.Debug|Any CPU.ActiveCfg = Debug|Any CPU
		{192A243C-A718-47B6-B44A-6E9DAECD3AC3}.Debug|Any CPU.Build.0 = Debug|Any CPU
		{192A243C-A718-47B6-B44A-6E9DAECD3AC3}.Release|Any CPU.ActiveCfg = Release|Any CPU
		{192A243C-A718-47B6-B44A-6E9DAECD3AC3}.Release|Any CPU.Build.0 = Release|Any CPU
		{3443F26E-1D17-4949-942D-6387CF15A5B7}.Debug|Any CPU.ActiveCfg = Debug|Any CPU
		{3443F26E-1D17-4949-942D-6387CF15A5B7}.Debug|Any CPU.Build.0 = Debug|Any CPU
		{3443F26E-1D17-4949-942D-6387CF15A5B7}.Release|Any CPU.ActiveCfg = Release|Any CPU
		{3443F26E-1D17-4949-942D-6387CF15A5B7}.Release|Any CPU.Build.0 = Release|Any CPU
		{BF52D2A2-C55F-4DDC-8EFC-E6849AAE703F}.Debug|Any CPU.ActiveCfg = Debug|Any CPU
		{BF52D2A2-C55F-4DDC-8EFC-E6849AAE703F}.Debug|Any CPU.Build.0 = Debug|Any CPU
		{BF52D2A2-C55F-4DDC-8EFC-E6849AAE703F}.Release|Any CPU.ActiveCfg = Release|Any CPU
		{BF52D2A2-C55F-4DDC-8EFC-E6849AAE703F}.Release|Any CPU.Build.0 = Release|Any CPU
		{9295730F-82B8-4126-9E48-14363C89DA51}.Debug|Any CPU.ActiveCfg = Debug|Any CPU
		{9295730F-82B8-4126-9E48-14363C89DA51}.Debug|Any CPU.Build.0 = Debug|Any CPU
		{9295730F-82B8-4126-9E48-14363C89DA51}.Release|Any CPU.ActiveCfg = Release|Any CPU
		{9295730F-82B8-4126-9E48-14363C89DA51}.Release|Any CPU.Build.0 = Release|Any CPU
		{5344399D-B57A-4A0C-B369-D8EA283928C6}.Debug|Any CPU.ActiveCfg = Debug|Any CPU
		{5344399D-B57A-4A0C-B369-D8EA283928C6}.Debug|Any CPU.Build.0 = Debug|Any CPU
		{5344399D-B57A-4A0C-B369-D8EA283928C6}.Release|Any CPU.ActiveCfg = Release|Any CPU
		{5344399D-B57A-4A0C-B369-D8EA283928C6}.Release|Any CPU.Build.0 = Release|Any CPU
		{06DE5238-04FF-48F5-A553-876C01AB7D3A}.Debug|Any CPU.ActiveCfg = Debug|Any CPU
		{06DE5238-04FF-48F5-A553-876C01AB7D3A}.Debug|Any CPU.Build.0 = Debug|Any CPU
		{06DE5238-04FF-48F5-A553-876C01AB7D3A}.Release|Any CPU.ActiveCfg = Release|Any CPU
		{06DE5238-04FF-48F5-A553-876C01AB7D3A}.Release|Any CPU.Build.0 = Release|Any CPU
	EndGlobalSection
	GlobalSection(SolutionProperties) = preSolution
		HideSolutionNode = FALSE
	EndGlobalSection
	GlobalSection(NestedProjects) = preSolution
		{1BE2090A-EEE5-4F2F-8B78-1B387D07C28B} = {D18468D8-59A9-4387-8FB7-321D96EB90E5}
		{12A6ED28-8F1A-42D2-8368-51650668840B} = {616E7E00-9812-4850-9E63-23ED6946DD9F}
		{873CFA30-E6A2-4E82-94BA-CA29395630BE} = {D18468D8-59A9-4387-8FB7-321D96EB90E5}
		{3C4BC669-4F70-4BC8-B8BA-552F5D45FE99} = {616E7E00-9812-4850-9E63-23ED6946DD9F}
		{7CB515EF-F187-430F-BA15-15F4A9DB4869} = {D18468D8-59A9-4387-8FB7-321D96EB90E5}
		{239BB8FC-207F-41AA-882C-0E2DDF95A9AE} = {616E7E00-9812-4850-9E63-23ED6946DD9F}
		{12B227E6-43CF-4B84-AC7E-8D8D988B515D} = {D18468D8-59A9-4387-8FB7-321D96EB90E5}
		{BE127E92-470A-4C63-8364-F80E04367F48} = {616E7E00-9812-4850-9E63-23ED6946DD9F}
		{D1C49600-585A-4201-9852-A11D3EE0C2D4} = {12B227E6-43CF-4B84-AC7E-8D8D988B515D}
		{9A2092B7-5FC2-4546-BE7C-0A1D6CE88FB4} = {1BE2090A-EEE5-4F2F-8B78-1B387D07C28B}
		{AC0DC5AE-ECBA-42B2-97EE-1F63E0F1CEF7} = {873CFA30-E6A2-4E82-94BA-CA29395630BE}
		{EBFE9C59-EC55-4B88-B0D6-C84870D35AB2} = {873CFA30-E6A2-4E82-94BA-CA29395630BE}
		{192A243C-A718-47B6-B44A-6E9DAECD3AC3} = {7CB515EF-F187-430F-BA15-15F4A9DB4869}
		{3443F26E-1D17-4949-942D-6387CF15A5B7} = {7CB515EF-F187-430F-BA15-15F4A9DB4869}
		{BF52D2A2-C55F-4DDC-8EFC-E6849AAE703F} = {12A6ED28-8F1A-42D2-8368-51650668840B}
		{9295730F-82B8-4126-9E48-14363C89DA51} = {3C4BC669-4F70-4BC8-B8BA-552F5D45FE99}
		{5344399D-B57A-4A0C-B369-D8EA283928C6} = {239BB8FC-207F-41AA-882C-0E2DDF95A9AE}
		{06DE5238-04FF-48F5-A553-876C01AB7D3A} = {BE127E92-470A-4C63-8364-F80E04367F48}
	EndGlobalSection
	GlobalSection(ExtensibilityGlobals) = postSolution
		SolutionGuid = {B08935BD-69AD-4B44-A007-5D221AD33C98}
	EndGlobalSection
EndGlobal
